
Microsoft Visual Studio Solution File, Format Version 12.00
# Visual Studio Version 17
VisualStudioVersion = 17.2.32526.322
MinimumVisualStudioVersion = 10.0.40219.1
Project("{FAE04EC0-301F-11D3-BF4B-00C04F79EFBC}") = "ProjetoDemo.UnitTest", "ProjetoDemo.UnitTest\ProjetoDemo.UnitTest.csproj", "{DA5A651E-E64B-4241-8C8C-E2889B96D3B5}"
EndProject
Project("{FAE04EC0-301F-11D3-BF4B-00C04F79EFBC}") = "ProjetoDemo.WebApi", "ProjetoDemo.WebApi\ProjetoDemo.WebApi.csproj", "{022C6F84-1601-49C4-8A4A-F72B03DE6180}"
EndProject
Project("{FAE04EC0-301F-11D3-BF4B-00C04F79EFBC}") = "ProjetoDemo.WebApp", "ProjetoDemo.WebApp\ProjetoDemo.WebApp.csproj", "{6C2FE8ED-CDCF-4FA9-B4B8-6FA484CA847A}"
EndProject
Global
	GlobalSection(SolutionConfigurationPlatforms) = preSolution
		Debug|Any CPU = Debug|Any CPU
		Release|Any CPU = Release|Any CPU
	EndGlobalSection
	GlobalSection(ProjectConfigurationPlatforms) = postSolution
		{DA5A651E-E64B-4241-8C8C-E2889B96D3B5}.Debug|Any CPU.ActiveCfg = Debug|Any CPU
		{DA5A651E-E64B-4241-8C8C-E2889B96D3B5}.Debug|Any CPU.Build.0 = Debug|Any CPU
		{DA5A651E-E64B-4241-8C8C-E2889B96D3B5}.Release|Any CPU.ActiveCfg = Release|Any CPU
		{DA5A651E-E64B-4241-8C8C-E2889B96D3B5}.Release|Any CPU.Build.0 = Release|Any CPU
		{022C6F84-1601-49C4-8A4A-F72B03DE6180}.Debug|Any CPU.ActiveCfg = Debug|Any CPU
		{022C6F84-1601-49C4-8A4A-F72B03DE6180}.Debug|Any CPU.Build.0 = Debug|Any CPU
		{022C6F84-1601-49C4-8A4A-F72B03DE6180}.Release|Any CPU.ActiveCfg = Release|Any CPU
		{022C6F84-1601-49C4-8A4A-F72B03DE6180}.Release|Any CPU.Build.0 = Release|Any CPU
		{6C2FE8ED-CDCF-4FA9-B4B8-6FA484CA847A}.Debug|Any CPU.ActiveCfg = Debug|Any CPU
		{6C2FE8ED-CDCF-4FA9-B4B8-6FA484CA847A}.Debug|Any CPU.Build.0 = Debug|Any CPU
		{6C2FE8ED-CDCF-4FA9-B4B8-6FA484CA847A}.Release|Any CPU.ActiveCfg = Release|Any CPU
		{6C2FE8ED-CDCF-4FA9-B4B8-6FA484CA847A}.Release|Any CPU.Build.0 = Release|Any CPU
	EndGlobalSection
	GlobalSection(SolutionProperties) = preSolution
		HideSolutionNode = FALSE
	EndGlobalSection
	GlobalSection(ExtensibilityGlobals) = postSolution
		SolutionGuid = {86A29812-87E9-4611-98F7-C03288635AEB}
	EndGlobalSection
EndGlobal
